// !$*UTF8*$!
{
	archiveVersion = 1;
	classes = {
	};
	objectVersion = 46;
	objects = {

/* Begin PBXBuildFile section */
		73E67D401E7A2FA700AEF5EE /* AppDelegate.swift in Sources */ = {isa = PBXBuildFile; fileRef = 73E67D3F1E7A2FA700AEF5EE /* AppDelegate.swift */; };
		73E67D421E7A2FA700AEF5EE /* ViewController.swift in Sources */ = {isa = PBXBuildFile; fileRef = 73E67D411E7A2FA700AEF5EE /* ViewController.swift */; };
		73E67D451E7A2FA700AEF5EE /* Main.storyboard in Resources */ = {isa = PBXBuildFile; fileRef = 73E67D431E7A2FA700AEF5EE /* Main.storyboard */; };
		73E67D471E7A2FA700AEF5EE /* Assets.xcassets in Resources */ = {isa = PBXBuildFile; fileRef = 73E67D461E7A2FA700AEF5EE /* Assets.xcassets */; };
		73E67D4A1E7A2FA700AEF5EE /* LaunchScreen.storyboard in Resources */ = {isa = PBXBuildFile; fileRef = 73E67D481E7A2FA700AEF5EE /* LaunchScreen.storyboard */; };
		73E67D551E7A2FA700AEF5EE /* EastWestNorthSouthTests.swift in Sources */ = {isa = PBXBuildFile; fileRef = 73E67D541E7A2FA700AEF5EE /* EastWestNorthSouthTests.swift */; };
		73E67D601E7A2FA700AEF5EE /* EastWestNorthSouthUITests.swift in Sources */ = {isa = PBXBuildFile; fileRef = 73E67D5F1E7A2FA700AEF5EE /* EastWestNorthSouthUITests.swift */; };
/* End PBXBuildFile section */

/* Begin PBXContainerItemProxy section */
		73E67D511E7A2FA700AEF5EE /* PBXContainerItemProxy */ = {
			isa = PBXContainerItemProxy;
			containerPortal = 73E67D341E7A2FA600AEF5EE /* Project object */;
			proxyType = 1;
			remoteGlobalIDString = 73E67D3B1E7A2FA600AEF5EE;
			remoteInfo = EastWestNorthSouth;
		};
		73E67D5C1E7A2FA700AEF5EE /* PBXContainerItemProxy */ = {
			isa = PBXContainerItemProxy;
			containerPortal = 73E67D341E7A2FA600AEF5EE /* Project object */;
			proxyType = 1;
			remoteGlobalIDString = 73E67D3B1E7A2FA600AEF5EE;
			remoteInfo = EastWestNorthSouth;
		};
/* End PBXContainerItemProxy section */

/* Begin PBXFileReference section */
		73E67D3C1E7A2FA700AEF5EE /* EastWestNorthSouth.app */ = {isa = PBXFileReference; explicitFileType = wrapper.application; includeInIndex = 0; path = EastWestNorthSouth.app; sourceTree = BUILT_PRODUCTS_DIR; };
		73E67D3F1E7A2FA700AEF5EE /* AppDelegate.swift */ = {isa = PBXFileReference; lastKnownFileType = sourcecode.swift; path = AppDelegate.swift; sourceTree = "<group>"; };
		73E67D411E7A2FA700AEF5EE /* ViewController.swift */ = {isa = PBXFileReference; lastKnownFileType = sourcecode.swift; path = ViewController.swift; sourceTree = "<group>"; };
		73E67D441E7A2FA700AEF5EE /* Base */ = {isa = PBXFileReference; lastKnownFileType = file.storyboard; name = Base; path = Base.lproj/Main.storyboard; sourceTree = "<group>"; };
		73E67D461E7A2FA700AEF5EE /* Assets.xcassets */ = {isa = PBXFileReference; lastKnownFileType = folder.assetcatalog; path = Assets.xcassets; sourceTree = "<group>"; };
		73E67D491E7A2FA700AEF5EE /* Base */ = {isa = PBXFileReference; lastKnownFileType = file.storyboard; name = Base; path = Base.lproj/LaunchScreen.storyboard; sourceTree = "<group>"; };
		73E67D4B1E7A2FA700AEF5EE /* Info.plist */ = {isa = PBXFileReference; lastKnownFileType = text.plist.xml; path = Info.plist; sourceTree = "<group>"; };
		73E67D501E7A2FA700AEF5EE /* EastWestNorthSouthTests.xctest */ = {isa = PBXFileReference; explicitFileType = wrapper.cfbundle; includeInIndex = 0; path = EastWestNorthSouthTests.xctest; sourceTree = BUILT_PRODUCTS_DIR; };
		73E67D541E7A2FA700AEF5EE /* EastWestNorthSouthTests.swift */ = {isa = PBXFileReference; lastKnownFileType = sourcecode.swift; path = EastWestNorthSouthTests.swift; sourceTree = "<group>"; };
		73E67D561E7A2FA700AEF5EE /* Info.plist */ = {isa = PBXFileReference; lastKnownFileType = text.plist.xml; path = Info.plist; sourceTree = "<group>"; };
		73E67D5B1E7A2FA700AEF5EE /* EastWestNorthSouthUITests.xctest */ = {isa = PBXFileReference; explicitFileType = wrapper.cfbundle; includeInIndex = 0; path = EastWestNorthSouthUITests.xctest; sourceTree = BUILT_PRODUCTS_DIR; };
		73E67D5F1E7A2FA700AEF5EE /* EastWestNorthSouthUITests.swift */ = {isa = PBXFileReference; lastKnownFileType = sourcecode.swift; path = EastWestNorthSouthUITests.swift; sourceTree = "<group>"; };
		73E67D611E7A2FA700AEF5EE /* Info.plist */ = {isa = PBXFileReference; lastKnownFileType = text.plist.xml; path = Info.plist; sourceTree = "<group>"; };
/* End PBXFileReference section */

/* Begin PBXFrameworksBuildPhase section */
		73E67D391E7A2FA600AEF5EE /* Frameworks */ = {
			isa = PBXFrameworksBuildPhase;
			buildActionMask = 2147483647;
			files = (
			);
			runOnlyForDeploymentPostprocessing = 0;
		};
		73E67D4D1E7A2FA700AEF5EE /* Frameworks */ = {
			isa = PBXFrameworksBuildPhase;
			buildActionMask = 2147483647;
			files = (
			);
			runOnlyForDeploymentPostprocessing = 0;
		};
		73E67D581E7A2FA700AEF5EE /* Frameworks */ = {
			isa = PBXFrameworksBuildPhase;
			buildActionMask = 2147483647;
			files = (
			);
			runOnlyForDeploymentPostprocessing = 0;
		};
/* End PBXFrameworksBuildPhase section */

/* Begin PBXGroup section */
		73E67D331E7A2FA600AEF5EE = {
			isa = PBXGroup;
			children = (
				73E67D3E1E7A2FA700AEF5EE /* EastWestNorthSouth */,
				73E67D531E7A2FA700AEF5EE /* EastWestNorthSouthTests */,
				73E67D5E1E7A2FA700AEF5EE /* EastWestNorthSouthUITests */,
				73E67D3D1E7A2FA700AEF5EE /* Products */,
			);
			sourceTree = "<group>";
		};
		73E67D3D1E7A2FA700AEF5EE /* Products */ = {
			isa = PBXGroup;
			children = (
				73E67D3C1E7A2FA700AEF5EE /* EastWestNorthSouth.app */,
				73E67D501E7A2FA700AEF5EE /* EastWestNorthSouthTests.xctest */,
				73E67D5B1E7A2FA700AEF5EE /* EastWestNorthSouthUITests.xctest */,
			);
			name = Products;
			sourceTree = "<group>";
		};
		73E67D3E1E7A2FA700AEF5EE /* EastWestNorthSouth */ = {
			isa = PBXGroup;
			children = (
				73E67D3F1E7A2FA700AEF5EE /* AppDelegate.swift */,
				73E67D411E7A2FA700AEF5EE /* ViewController.swift */,
				73E67D431E7A2FA700AEF5EE /* Main.storyboard */,
				73E67D461E7A2FA700AEF5EE /* Assets.xcassets */,
				73E67D481E7A2FA700AEF5EE /* LaunchScreen.storyboard */,
				73E67D4B1E7A2FA700AEF5EE /* Info.plist */,
			);
			path = EastWestNorthSouth;
			sourceTree = "<group>";
		};
		73E67D531E7A2FA700AEF5EE /* EastWestNorthSouthTests */ = {
			isa = PBXGroup;
			children = (
				73E67D541E7A2FA700AEF5EE /* EastWestNorthSouthTests.swift */,
				73E67D561E7A2FA700AEF5EE /* Info.plist */,
			);
			path = EastWestNorthSouthTests;
			sourceTree = "<group>";
		};
		73E67D5E1E7A2FA700AEF5EE /* EastWestNorthSouthUITests */ = {
			isa = PBXGroup;
			children = (
				73E67D5F1E7A2FA700AEF5EE /* EastWestNorthSouthUITests.swift */,
				73E67D611E7A2FA700AEF5EE /* Info.plist */,
			);
			path = EastWestNorthSouthUITests;
			sourceTree = "<group>";
		};
/* End PBXGroup section */

/* Begin PBXNativeTarget section */
		73E67D3B1E7A2FA600AEF5EE /* EastWestNorthSouth */ = {
			isa = PBXNativeTarget;
			buildConfigurationList = 73E67D641E7A2FA700AEF5EE /* Build configuration list for PBXNativeTarget "EastWestNorthSouth" */;
			buildPhases = (
				73E67D381E7A2FA600AEF5EE /* Sources */,
				73E67D391E7A2FA600AEF5EE /* Frameworks */,
				73E67D3A1E7A2FA600AEF5EE /* Resources */,
			);
			buildRules = (
			);
			dependencies = (
			);
			name = EastWestNorthSouth;
			productName = EastWestNorthSouth;
			productReference = 73E67D3C1E7A2FA700AEF5EE /* EastWestNorthSouth.app */;
			productType = "com.apple.product-type.application";
		};
		73E67D4F1E7A2FA700AEF5EE /* EastWestNorthSouthTests */ = {
			isa = PBXNativeTarget;
			buildConfigurationList = 73E67D671E7A2FA700AEF5EE /* Build configuration list for PBXNativeTarget "EastWestNorthSouthTests" */;
			buildPhases = (
				73E67D4C1E7A2FA700AEF5EE /* Sources */,
				73E67D4D1E7A2FA700AEF5EE /* Frameworks */,
				73E67D4E1E7A2FA700AEF5EE /* Resources */,
			);
			buildRules = (
			);
			dependencies = (
				73E67D521E7A2FA700AEF5EE /* PBXTargetDependency */,
			);
			name = EastWestNorthSouthTests;
			productName = EastWestNorthSouthTests;
			productReference = 73E67D501E7A2FA700AEF5EE /* EastWestNorthSouthTests.xctest */;
			productType = "com.apple.product-type.bundle.unit-test";
		};
		73E67D5A1E7A2FA700AEF5EE /* EastWestNorthSouthUITests */ = {
			isa = PBXNativeTarget;
			buildConfigurationList = 73E67D6A1E7A2FA700AEF5EE /* Build configuration list for PBXNativeTarget "EastWestNorthSouthUITests" */;
			buildPhases = (
				73E67D571E7A2FA700AEF5EE /* Sources */,
				73E67D581E7A2FA700AEF5EE /* Frameworks */,
				73E67D591E7A2FA700AEF5EE /* Resources */,
			);
			buildRules = (
			);
			dependencies = (
				73E67D5D1E7A2FA700AEF5EE /* PBXTargetDependency */,
			);
			name = EastWestNorthSouthUITests;
			productName = EastWestNorthSouthUITests;
			productReference = 73E67D5B1E7A2FA700AEF5EE /* EastWestNorthSouthUITests.xctest */;
			productType = "com.apple.product-type.bundle.ui-testing";
		};
/* End PBXNativeTarget section */

/* Begin PBXProject section */
		73E67D341E7A2FA600AEF5EE /* Project object */ = {
			isa = PBXProject;
			attributes = {
				LastSwiftUpdateCheck = 0820;
				LastUpgradeCheck = 0820;
				ORGANIZATIONNAME = "Le Lin";
				TargetAttributes = {
					73E67D3B1E7A2FA600AEF5EE = {
						CreatedOnToolsVersion = 8.2.1;
						ProvisioningStyle = Automatic;
					};
					73E67D4F1E7A2FA700AEF5EE = {
						CreatedOnToolsVersion = 8.2.1;
						ProvisioningStyle = Automatic;
						TestTargetID = 73E67D3B1E7A2FA600AEF5EE;
					};
					73E67D5A1E7A2FA700AEF5EE = {
						CreatedOnToolsVersion = 8.2.1;
						ProvisioningStyle = Automatic;
						TestTargetID = 73E67D3B1E7A2FA600AEF5EE;
					};
				};
			};
			buildConfigurationList = 73E67D371E7A2FA600AEF5EE /* Build configuration list for PBXProject "EastWestNorthSouth" */;
			compatibilityVersion = "Xcode 3.2";
			developmentRegion = English;
			hasScannedForEncodings = 0;
			knownRegions = (
				en,
				Base,
			);
			mainGroup = 73E67D331E7A2FA600AEF5EE;
			productRefGroup = 73E67D3D1E7A2FA700AEF5EE /* Products */;
			projectDirPath = "";
			projectRoot = "";
			targets = (
				73E67D3B1E7A2FA600AEF5EE /* EastWestNorthSouth */,
				73E67D4F1E7A2FA700AEF5EE /* EastWestNorthSouthTests */,
				73E67D5A1E7A2FA700AEF5EE /* EastWestNorthSouthUITests */,
			);
		};
/* End PBXProject section */

/* Begin PBXResourcesBuildPhase section */
		73E67D3A1E7A2FA600AEF5EE /* Resources */ = {
			isa = PBXResourcesBuildPhase;
			buildActionMask = 2147483647;
			files = (
				73E67D4A1E7A2FA700AEF5EE /* LaunchScreen.storyboard in Resources */,
				73E67D471E7A2FA700AEF5EE /* Assets.xcassets in Resources */,
				73E67D451E7A2FA700AEF5EE /* Main.storyboard in Resources */,
			);
			runOnlyForDeploymentPostprocessing = 0;
		};
		73E67D4E1E7A2FA700AEF5EE /* Resources */ = {
			isa = PBXResourcesBuildPhase;
			buildActionMask = 2147483647;
			files = (
			);
			runOnlyForDeploymentPostprocessing = 0;
		};
		73E67D591E7A2FA700AEF5EE /* Resources */ = {
			isa = PBXResourcesBuildPhase;
			buildActionMask = 2147483647;
			files = (
			);
			runOnlyForDeploymentPostprocessing = 0;
		};
/* End PBXResourcesBuildPhase section */

/* Begin PBXSourcesBuildPhase section */
		73E67D381E7A2FA600AEF5EE /* Sources */ = {
			isa = PBXSourcesBuildPhase;
			buildActionMask = 2147483647;
			files = (
				73E67D421E7A2FA700AEF5EE /* ViewController.swift in Sources */,
				73E67D401E7A2FA700AEF5EE /* AppDelegate.swift in Sources */,
			);
			runOnlyForDeploymentPostprocessing = 0;
		};
		73E67D4C1E7A2FA700AEF5EE /* Sources */ = {
			isa = PBXSourcesBuildPhase;
			buildActionMask = 2147483647;
			files = (
				73E67D551E7A2FA700AEF5EE /* EastWestNorthSouthTests.swift in Sources */,
			);
			runOnlyForDeploymentPostprocessing = 0;
		};
		73E67D571E7A2FA700AEF5EE /* Sources */ = {
			isa = PBXSourcesBuildPhase;
			buildActionMask = 2147483647;
			files = (
				73E67D601E7A2FA700AEF5EE /* EastWestNorthSouthUITests.swift in Sources */,
			);
			runOnlyForDeploymentPostprocessing = 0;
		};
/* End PBXSourcesBuildPhase section */

/* Begin PBXTargetDependency section */
		73E67D521E7A2FA700AEF5EE /* PBXTargetDependency */ = {
			isa = PBXTargetDependency;
			target = 73E67D3B1E7A2FA600AEF5EE /* EastWestNorthSouth */;
			targetProxy = 73E67D511E7A2FA700AEF5EE /* PBXContainerItemProxy */;
		};
		73E67D5D1E7A2FA700AEF5EE /* PBXTargetDependency */ = {
			isa = PBXTargetDependency;
			target = 73E67D3B1E7A2FA600AEF5EE /* EastWestNorthSouth */;
			targetProxy = 73E67D5C1E7A2FA700AEF5EE /* PBXContainerItemProxy */;
		};
/* End PBXTargetDependency section */

/* Begin PBXVariantGroup section */
		73E67D431E7A2FA700AEF5EE /* Main.storyboard */ = {
			isa = PBXVariantGroup;
			children = (
				73E67D441E7A2FA700AEF5EE /* Base */,
			);
			name = Main.storyboard;
			sourceTree = "<group>";
		};
		73E67D481E7A2FA700AEF5EE /* LaunchScreen.storyboard */ = {
			isa = PBXVariantGroup;
			children = (
				73E67D491E7A2FA700AEF5EE /* Base */,
			);
			name = LaunchScreen.storyboard;
			sourceTree = "<group>";
		};
/* End PBXVariantGroup section */

/* Begin XCBuildConfiguration section */
		73E67D621E7A2FA700AEF5EE /* Debug */ = {
			isa = XCBuildConfiguration;
			buildSettings = {
				ALWAYS_SEARCH_USER_PATHS = NO;
				CLANG_ANALYZER_NONNULL = YES;
				CLANG_CXX_LANGUAGE_STANDARD = "gnu++0x";
				CLANG_CXX_LIBRARY = "libc++";
				CLANG_ENABLE_MODULES = YES;
				CLANG_ENABLE_OBJC_ARC = YES;
				CLANG_WARN_BOOL_CONVERSION = YES;
				CLANG_WARN_CONSTANT_CONVERSION = YES;
				CLANG_WARN_DIRECT_OBJC_ISA_USAGE = YES_ERROR;
				CLANG_WARN_DOCUMENTATION_COMMENTS = YES;
				CLANG_WARN_EMPTY_BODY = YES;
				CLANG_WARN_ENUM_CONVERSION = YES;
				CLANG_WARN_INFINITE_RECURSION = YES;
				CLANG_WARN_INT_CONVERSION = YES;
				CLANG_WARN_OBJC_ROOT_CLASS = YES_ERROR;
				CLANG_WARN_SUSPICIOUS_MOVE = YES;
				CLANG_WARN_UNREACHABLE_CODE = YES;
				CLANG_WARN__DUPLICATE_METHOD_MATCH = YES;
				"CODE_SIGN_IDENTITY[sdk=iphoneos*]" = "iPhone Developer";
				COPY_PHASE_STRIP = NO;
				DEBUG_INFORMATION_FORMAT = dwarf;
				ENABLE_STRICT_OBJC_MSGSEND = YES;
				ENABLE_TESTABILITY = YES;
				GCC_C_LANGUAGE_STANDARD = gnu99;
				GCC_DYNAMIC_NO_PIC = NO;
				GCC_NO_COMMON_BLOCKS = YES;
				GCC_OPTIMIZATION_LEVEL = 0;
				GCC_PREPROCESSOR_DEFINITIONS = (
					"DEBUG=1",
					"$(inherited)",
				);
				GCC_WARN_64_TO_32_BIT_CONVERSION = YES;
				GCC_WARN_ABOUT_RETURN_TYPE = YES_ERROR;
				GCC_WARN_UNDECLARED_SELECTOR = YES;
				GCC_WARN_UNINITIALIZED_AUTOS = YES_AGGRESSIVE;
				GCC_WARN_UNUSED_FUNCTION = YES;
				GCC_WARN_UNUSED_VARIABLE = YES;
				IPHONEOS_DEPLOYMENT_TARGET = 10.2;
				MTL_ENABLE_DEBUG_INFO = YES;
				ONLY_ACTIVE_ARCH = YES;
				SDKROOT = iphoneos;
				SWIFT_ACTIVE_COMPILATION_CONDITIONS = DEBUG;
				SWIFT_OPTIMIZATION_LEVEL = "-Onone";
				TARGETED_DEVICE_FAMILY = "1,2";
			};
			name = Debug;
		};
		73E67D631E7A2FA700AEF5EE /* Release */ = {
			isa = XCBuildConfiguration;
			buildSettings = {
				ALWAYS_SEARCH_USER_PATHS = NO;
				CLANG_ANALYZER_NONNULL = YES;
				CLANG_CXX_LANGUAGE_STANDARD = "gnu++0x";
				CLANG_CXX_LIBRARY = "libc++";
				CLANG_ENABLE_MODULES = YES;
				CLANG_ENABLE_OBJC_ARC = YES;
				CLANG_WARN_BOOL_CONVERSION = YES;
				CLANG_WARN_CONSTANT_CONVERSION = YES;
				CLANG_WARN_DIRECT_OBJC_ISA_USAGE = YES_ERROR;
				CLANG_WARN_DOCUMENTATION_COMMENTS = YES;
				CLANG_WARN_EMPTY_BODY = YES;
				CLANG_WARN_ENUM_CONVERSION = YES;
				CLANG_WARN_INFINITE_RECURSION = YES;
				CLANG_WARN_INT_CONVERSION = YES;
				CLANG_WARN_OBJC_ROOT_CLASS = YES_ERROR;
				CLANG_WARN_SUSPICIOUS_MOVE = YES;
				CLANG_WARN_UNREACHABLE_CODE = YES;
				CLANG_WARN__DUPLICATE_METHOD_MATCH = YES;
				"CODE_SIGN_IDENTITY[sdk=iphoneos*]" = "iPhone Developer";
				COPY_PHASE_STRIP = NO;
				DEBUG_INFORMATION_FORMAT = "dwarf-with-dsym";
				ENABLE_NS_ASSERTIONS = NO;
				ENABLE_STRICT_OBJC_MSGSEND = YES;
				GCC_C_LANGUAGE_STANDARD = gnu99;
				GCC_NO_COMMON_BLOCKS = YES;
				GCC_WARN_64_TO_32_BIT_CONVERSION = YES;
				GCC_WARN_ABOUT_RETURN_TYPE = YES_ERROR;
				GCC_WARN_UNDECLARED_SELECTOR = YES;
				GCC_WARN_UNINITIALIZED_AUTOS = YES_AGGRESSIVE;
				GCC_WARN_UNUSED_FUNCTION = YES;
				GCC_WARN_UNUSED_VARIABLE = YES;
				IPHONEOS_DEPLOYMENT_TARGET = 10.2;
				MTL_ENABLE_DEBUG_INFO = NO;
				SDKROOT = iphoneos;
				SWIFT_OPTIMIZATION_LEVEL = "-Owholemodule";
				TARGETED_DEVICE_FAMILY = "1,2";
				VALIDATE_PRODUCT = YES;
			};
			name = Release;
		};
		73E67D651E7A2FA700AEF5EE /* Debug */ = {
			isa = XCBuildConfiguration;
			buildSettings = {
				ASSETCATALOG_COMPILER_APPICON_NAME = AppIcon;
				INFOPLIST_FILE = EastWestNorthSouth/Info.plist;
				LD_RUNPATH_SEARCH_PATHS = "$(inherited) @executable_path/Frameworks";
				PRODUCT_BUNDLE_IDENTIFIER = Dojo.EastWestNorthSouth;
				PRODUCT_NAME = "$(TARGET_NAME)";
				SWIFT_VERSION = 3.0;
			};
			name = Debug;
		};
		73E67D661E7A2FA700AEF5EE /* Release */ = {
			isa = XCBuildConfiguration;
			buildSettings = {
				ASSETCATALOG_COMPILER_APPICON_NAME = AppIcon;
				INFOPLIST_FILE = EastWestNorthSouth/Info.plist;
				LD_RUNPATH_SEARCH_PATHS = "$(inherited) @executable_path/Frameworks";
				PRODUCT_BUNDLE_IDENTIFIER = Dojo.EastWestNorthSouth;
				PRODUCT_NAME = "$(TARGET_NAME)";
				SWIFT_VERSION = 3.0;
			};
			name = Release;
		};
		73E67D681E7A2FA700AEF5EE /* Debug */ = {
			isa = XCBuildConfiguration;
			buildSettings = {
				ALWAYS_EMBED_SWIFT_STANDARD_LIBRARIES = YES;
				BUNDLE_LOADER = "$(TEST_HOST)";
				INFOPLIST_FILE = EastWestNorthSouthTests/Info.plist;
				LD_RUNPATH_SEARCH_PATHS = "$(inherited) @executable_path/Frameworks @loader_path/Frameworks";
				PRODUCT_BUNDLE_IDENTIFIER = Dojo.EastWestNorthSouthTests;
				PRODUCT_NAME = "$(TARGET_NAME)";
				SWIFT_VERSION = 3.0;
				TEST_HOST = "$(BUILT_PRODUCTS_DIR)/EastWestNorthSouth.app/EastWestNorthSouth";
			};
			name = Debug;
		};
		73E67D691E7A2FA700AEF5EE /* Release */ = {
			isa = XCBuildConfiguration;
			buildSettings = {
				ALWAYS_EMBED_SWIFT_STANDARD_LIBRARIES = YES;
				BUNDLE_LOADER = "$(TEST_HOST)";
				INFOPLIST_FILE = EastWestNorthSouthTests/Info.plist;
				LD_RUNPATH_SEARCH_PATHS = "$(inherited) @executable_path/Frameworks @loader_path/Frameworks";
				PRODUCT_BUNDLE_IDENTIFIER = Dojo.EastWestNorthSouthTests;
				PRODUCT_NAME = "$(TARGET_NAME)";
				SWIFT_VERSION = 3.0;
				TEST_HOST = "$(BUILT_PRODUCTS_DIR)/EastWestNorthSouth.app/EastWestNorthSouth";
			};
			name = Release;
		};
		73E67D6B1E7A2FA700AEF5EE /* Debug */ = {
			isa = XCBuildConfiguration;
			buildSettings = {
				ALWAYS_EMBED_SWIFT_STANDARD_LIBRARIES = YES;
				INFOPLIST_FILE = EastWestNorthSouthUITests/Info.plist;
				LD_RUNPATH_SEARCH_PATHS = "$(inherited) @executable_path/Frameworks @loader_path/Frameworks";
				PRODUCT_BUNDLE_IDENTIFIER = Dojo.EastWestNorthSouthUITests;
				PRODUCT_NAME = "$(TARGET_NAME)";
				SWIFT_VERSION = 3.0;
				TEST_TARGET_NAME = EastWestNorthSouth;
			};
			name = Debug;
		};
		73E67D6C1E7A2FA700AEF5EE /* Release */ = {
			isa = XCBuildConfiguration;
			buildSettings = {
				ALWAYS_EMBED_SWIFT_STANDARD_LIBRARIES = YES;
				INFOPLIST_FILE = EastWestNorthSouthUITests/Info.plist;
				LD_RUNPATH_SEARCH_PATHS = "$(inherited) @executable_path/Frameworks @loader_path/Frameworks";
				PRODUCT_BUNDLE_IDENTIFIER = Dojo.EastWestNorthSouthUITests;
				PRODUCT_NAME = "$(TARGET_NAME)";
				SWIFT_VERSION = 3.0;
				TEST_TARGET_NAME = EastWestNorthSouth;
			};
			name = Release;
		};
/* End XCBuildConfiguration section */

/* Begin XCConfigurationList section */
		73E67D371E7A2FA600AEF5EE /* Build configuration list for PBXProject "EastWestNorthSouth" */ = {
			isa = XCConfigurationList;
			buildConfigurations = (
				73E67D621E7A2FA700AEF5EE /* Debug */,
				73E67D631E7A2FA700AEF5EE /* Release */,
			);
			defaultConfigurationIsVisible = 0;
			defaultConfigurationName = Release;
		};
		73E67D641E7A2FA700AEF5EE /* Build configuration list for PBXNativeTarget "EastWestNorthSouth" */ = {
			isa = XCConfigurationList;
			buildConfigurations = (
				73E67D651E7A2FA700AEF5EE /* Debug */,
				73E67D661E7A2FA700AEF5EE /* Release */,
			);
			defaultConfigurationIsVisible = 0;
		};
		73E67D671E7A2FA700AEF5EE /* Build configuration list for PBXNativeTarget "EastWestNorthSouthTests" */ = {
			isa = XCConfigurationList;
			buildConfigurations = (
				73E67D681E7A2FA700AEF5EE /* Debug */,
				73E67D691E7A2FA700AEF5EE /* Release */,
			);
			defaultConfigurationIsVisible = 0;
		};
		73E67D6A1E7A2FA700AEF5EE /* Build configuration list for PBXNativeTarget "EastWestNorthSouthUITests" */ = {
			isa = XCConfigurationList;
			buildConfigurations = (
				73E67D6B1E7A2FA700AEF5EE /* Debug */,
				73E67D6C1E7A2FA700AEF5EE /* Release */,
			);
			defaultConfigurationIsVisible = 0;
		};
/* End XCConfigurationList section */
	};
	rootObject = 73E67D341E7A2FA600AEF5EE /* Project object */;
}
